schema: '2.0'
stages:
  data_ingestion:
    cmd: python src/data_ingestion.py
    deps:
    - path: src/data_ingestion.py
      hash: md5
      md5: ccad243ba3842d675f29b8c1c6b27286
      size: 3540
    params:
      params.yaml:
        data_ingestion.test_size: 0.4
    outs:
    - path: data/raw
      hash: md5
      md5: 60702fe29bcad1734a612cd12f7986e3.dir
      size: 479272
      nfiles: 2
  data_preprocessing:
    cmd: python src/data_preprocessing.py
    deps:
    - path: data/raw
      hash: md5
      md5: 60702fe29bcad1734a612cd12f7986e3.dir
      size: 479272
      nfiles: 2
    - path: src/data_preprocessing.py
      hash: md5
      md5: 158130fa3ada2ed96ada460b539d42e9
      size: 3864
    outs:
    - path: data/interim
      hash: md5
      md5: c239e6f813de866f7605cb45756607ac.dir
      size: 258593
      nfiles: 2
  feature_engineering:
    cmd: python src/feature_engineering.py
    deps:
    - path: data/interim
      hash: md5
      md5: c239e6f813de866f7605cb45756607ac.dir
      size: 258593
      nfiles: 2
    - path: src/feature_engineering.py
      hash: md5
      md5: 55c838f8b9b24bdf96f0bf4a576fbf73
      size: 3798
    params:
      params.yaml:
        feature_engineering.max_features: 47
    outs:
    - path: data/processed
      hash: md5
      md5: 2fe716790986ca5b45331ee1928f26dd.dir
      size: 1119167
      nfiles: 2
  model_building:
    cmd: python src/model_building.py
    deps:
    - path: data/processed
      hash: md5
      md5: 2fe716790986ca5b45331ee1928f26dd.dir
      size: 1119167
      nfiles: 2
    - path: src/model_building.py
      hash: md5
      md5: 17ca7834783a6b2822184e114c2d9980
      size: 4287
    params:
      params.yaml:
        model_building.n_estimators: 21
        model_building.random_state: 2
    outs:
    - path: models/model.pkl
      hash: md5
      md5: 76b4d189892d13a78323c19e32c0eac8
      size: 664584
  model_evaluation:
    cmd: python src/model_evaluation.py
    deps:
    - path: models/model.pkl
      hash: md5
      md5: 76b4d189892d13a78323c19e32c0eac8
      size: 664584
    - path: src/model_evaluation.py
      hash: md5
      md5: b22b0a82103744117789e473f1f76360
      size: 4504
    outs:
    - path: reports/metrics.json
      hash: md5
      md5: 20ce246cd479367e6655bc7bc06dcda2
      size: 139
